<?xml version="1.0" encoding="utf-8"?>
<Project ToolsVersion="4.0" xmlns="http://schemas.microsoft.com/developer/msbuild/2003">
  <ItemGroup>
    <Filter Include="Source Files">
      <UniqueIdentifier>{4FC737F1-C7A5-4376-A066-2A32D752A2FF}</UniqueIdentifier>
      <Extensions>cpp;c;cc;cxx;c++;cppm;ixx;def;odl;idl;hpj;bat;asm;asmx</Extensions>
    </Filter>
    <Filter Include="Header Files">
      <UniqueIdentifier>{93995380-89BD-4b04-88EB-625FBE52EBFB}</UniqueIdentifier>
      <Extensions>h;hh;hpp;hxx;h++;hm;inl;inc;ipp;xsd</Extensions>
    </Filter>
    <Filter Include="Resource Files">
      <UniqueIdentifier>{67DA6AB6-F800-4c08-8B7A-83BB121AAD01}</UniqueIdentifier>
      <Extensions>rc;ico;cur;bmp;dlg;rc2;rct;bin;rgs;gif;jpg;jpeg;jpe;resx;tiff;tif;png;wav;mfcribbon-ms</Extensions>
    </Filter>
    <Filter Include="Header Files\graphics">
      <UniqueIdentifier>{8f5225e4-4461-46c0-9498-2404e108e4dd}</UniqueIdentifier>
    </Filter>
    <Filter Include="Source Files\graphics">
      <UniqueIdentifier>{d57b3c39-2561-4b20-9b76-25e786bf86e5}</UniqueIdentifier>
    </Filter>
    <Filter Include="Header Files\app">
      <UniqueIdentifier>{8a4a73ff-472e-4ca2-a594-e542e8ed431b}</UniqueIdentifier>
    </Filter>
    <Filter Include="Source Files\app">
      <UniqueIdentifier>{359b8244-7f73-4294-8d95-ad74c10f3dda}</UniqueIdentifier>
    </Filter>
    <Filter Include="Header Files\utils">
      <UniqueIdentifier>{44b7a5ea-58db-46d3-9b61-dc19d084556f}</UniqueIdentifier>
    </Filter>
    <Filter Include="Source Files\utils">
      <UniqueIdentifier>{806e1369-b50b-4176-977e-25759f3129cd}</UniqueIdentifier>
    </Filter>
    <Filter Include="Header Files\scene">
      <UniqueIdentifier>{becdd28e-d193-484e-83e8-e7e1434b9632}</UniqueIdentifier>
    </Filter>
    <Filter Include="Source Files\scene">
      <UniqueIdentifier>{992fdbf8-1b66-464f-977a-96742f289954}</UniqueIdentifier>
    </Filter>
  </ItemGroup>
  <ItemGroup>
    <ClCompile Include="main.cpp">
      <Filter>Source Files</Filter>
    </ClCompile>
    <ClCompile Include="pch.cpp">
      <Filter>Source Files</Filter>
    </ClCompile>
    <ClCompile Include="..\..\third_party\stb\stb_image.cpp">
      <Filter>Source Files</Filter>
    </ClCompile>
    <ClCompile Include="..\..\third_party\glad\src\glad.c">
      <Filter>Source Files</Filter>
    </ClCompile>
    <ClCompile Include="graphics\Mesh.cpp">
      <Filter>Source Files\graphics</Filter>
    </ClCompile>
    <ClCompile Include="graphics\Shader.cpp">
      <Filter>Source Files\graphics</Filter>
    </ClCompile>
    <ClCompile Include="app\App.cpp">
      <Filter>Source Files\app</Filter>
    </ClCompile>
    <ClCompile Include="utils\FileTools.cpp">
      <Filter>Source Files\utils</Filter>
    </ClCompile>
    <ClCompile Include="graphics\Texture2D.cpp">
      <Filter>Source Files\graphics</Filter>
    </ClCompile>
    <ClCompile Include="graphics\Image.cpp">
      <Filter>Source Files\graphics</Filter>
    </ClCompile>
    <ClCompile Include="scenes\CubeScene.cpp">
      <Filter>Source Files\scene</Filter>
    </ClCompile>
  </ItemGroup>
  <ItemGroup>
    <ClInclude Include="pch.h">
      <Filter>Header Files</Filter>
    </ClInclude>
    <ClInclude Include="graphics\Mesh.h">
      <Filter>Header Files\graphics</Filter>
    </ClInclude>
    <ClInclude Include="graphics\Shader.h">
      <Filter>Header Files\graphics</Filter>
    </ClInclude>
    <ClInclude Include="app\App.h">
      <Filter>Header Files\app</Filter>
    </ClInclude>
    <ClInclude Include="utils\FileTools.h">
      <Filter>Header Files\utils</Filter>
    </ClInclude>
    <ClInclude Include="graphics\Texture2D.h">
      <Filter>Header Files\graphics</Filter>
    </ClInclude>
    <ClInclude Include="graphics\Image.h">
      <Filter>Header Files\graphics</Filter>
    </ClInclude>
    <ClInclude Include="scenes\IScene.h">
      <Filter>Header Files\scene</Filter>
    </ClInclude>
    <ClInclude Include="scenes\CubeScene.h">
      <Filter>Header Files\scene</Filter>
    </ClInclude>
  </ItemGroup>
</Project>